
Microsoft Visual Studio Solution File, Format Version 12.00
# Visual Studio Version 17
VisualStudioVersion = 17.14.36811.4 d17.14
MinimumVisualStudioVersion = 10.0.40219.1
Project("{FAE04EC0-301F-11D3-BF4B-00C04F79EFBC}") = "ValueAndReeference", "ValueAndReeference\ValueAndReeference.csproj", "{206E9ED9-881F-4A2E-A980-8A25927CF7F8}"
EndProject
Global
	GlobalSection(SolutionConfigurationPlatforms) = preSolution
		Debug|Any CPU = Debug|Any CPU
		Release|Any CPU = Release|Any CPU
	EndGlobalSection
	GlobalSection(ProjectConfigurationPlatforms) = postSolution
		{206E9ED9-881F-4A2E-A980-8A25927CF7F8}.Debug|Any CPU.ActiveCfg = Debug|Any CPU
		{206E9ED9-881F-4A2E-A980-8A25927CF7F8}.Debug|Any CPU.Build.0 = Debug|Any CPU
		{206E9ED9-881F-4A2E-A980-8A25927CF7F8}.Release|Any CPU.ActiveCfg = Release|Any CPU
		{206E9ED9-881F-4A2E-A980-8A25927CF7F8}.Release|Any CPU.Build.0 = Release|Any CPU
	EndGlobalSection
	GlobalSection(SolutionProperties) = preSolution
		HideSolutionNode = FALSE
	EndGlobalSection
	GlobalSection(ExtensibilityGlobals) = postSolution
		SolutionGuid = {5AB5671D-909B-4708-92D4-4BE468ED6C0F}
	EndGlobalSection
EndGlobal
